
Microsoft Visual Studio Solution File, Format Version 12.00
# Visual Studio 15
VisualStudioVersion = 15.0.28010.2003
MinimumVisualStudioVersion = 10.0.40219.1
Project("{FAE04EC0-301F-11D3-BF4B-00C04F79EFBC}") = "EmlakKayitProgramı", "EmlakKayitProgramı\EmlakKayitProgramı.csproj", "{FCDE23E9-F926-4AC8-8B5D-6B637486025A}"
EndProject
Global
	GlobalSection(SolutionConfigurationPlatforms) = preSolution
		Debug|Any CPU = Debug|Any CPU
		Release|Any CPU = Release|Any CPU
	EndGlobalSection
	GlobalSection(ProjectConfigurationPlatforms) = postSolution
		{FCDE23E9-F926-4AC8-8B5D-6B637486025A}.Debug|Any CPU.ActiveCfg = Debug|Any CPU
		{FCDE23E9-F926-4AC8-8B5D-6B637486025A}.Debug|Any CPU.Build.0 = Debug|Any CPU
		{FCDE23E9-F926-4AC8-8B5D-6B637486025A}.Release|Any CPU.ActiveCfg = Release|Any CPU
		{FCDE23E9-F926-4AC8-8B5D-6B637486025A}.Release|Any CPU.Build.0 = Release|Any CPU
	EndGlobalSection
	GlobalSection(SolutionProperties) = preSolution
		HideSolutionNode = FALSE
	EndGlobalSection
	GlobalSection(ExtensibilityGlobals) = postSolution
		SolutionGuid = {4F4943F3-E49A-4906-BA1D-0B4752DEE33F}
	EndGlobalSection
EndGlobal
